
Microsoft Visual Studio Solution File, Format Version 11.00
# Visual Studio 2010
Project("{FAE04EC0-301F-11D3-BF4B-00C04F79EFBC}") = "ANIVE", "Assembly-CSharp.csproj", "{40B169F7-ECEF-0FFD-7182-B962C895B9B6}"
EndProject
Project("{FAE04EC0-301F-11D3-BF4B-00C04F79EFBC}") = "ANIVE", "Assembly-CSharp-firstpass.csproj", "{3444E4C9-E67F-441D-BF7A-1E3BDBDD4D33}"
EndProject
Project("{FAE04EC0-301F-11D3-BF4B-00C04F79EFBC}") = "ANIVE", "Assembly-CSharp-Editor.csproj", "{91B1A2A0-44B4-F704-73C3-E874E2247E2C}"
EndProject
Global
	GlobalSection(SolutionConfigurationPlatforms) = preSolution
		Debug|Any CPU = Debug|Any CPU
		Release|Any CPU = Release|Any CPU
	EndGlobalSection
	GlobalSection(ProjectConfigurationPlatforms) = postSolution
		{40B169F7-ECEF-0FFD-7182-B962C895B9B6}.Debug|Any CPU.ActiveCfg = Debug|Any CPU
		{40B169F7-ECEF-0FFD-7182-B962C895B9B6}.Debug|Any CPU.Build.0 = Debug|Any CPU
		{40B169F7-ECEF-0FFD-7182-B962C895B9B6}.Release|Any CPU.ActiveCfg = Release|Any CPU
		{40B169F7-ECEF-0FFD-7182-B962C895B9B6}.Release|Any CPU.Build.0 = Release|Any CPU
		{3444E4C9-E67F-441D-BF7A-1E3BDBDD4D33}.Debug|Any CPU.ActiveCfg = Debug|Any CPU
		{3444E4C9-E67F-441D-BF7A-1E3BDBDD4D33}.Debug|Any CPU.Build.0 = Debug|Any CPU
		{3444E4C9-E67F-441D-BF7A-1E3BDBDD4D33}.Release|Any CPU.ActiveCfg = Release|Any CPU
		{3444E4C9-E67F-441D-BF7A-1E3BDBDD4D33}.Release|Any CPU.Build.0 = Release|Any CPU
		{91B1A2A0-44B4-F704-73C3-E874E2247E2C}.Debug|Any CPU.ActiveCfg = Debug|Any CPU
		{91B1A2A0-44B4-F704-73C3-E874E2247E2C}.Debug|Any CPU.Build.0 = Debug|Any CPU
		{91B1A2A0-44B4-F704-73C3-E874E2247E2C}.Release|Any CPU.ActiveCfg = Release|Any CPU
		{91B1A2A0-44B4-F704-73C3-E874E2247E2C}.Release|Any CPU.Build.0 = Release|Any CPU
	EndGlobalSection
	GlobalSection(SolutionProperties) = preSolution
		HideSolutionNode = FALSE
	EndGlobalSection
	GlobalSection(MonoDevelopProperties) = preSolution
		StartupItem = Assembly-CSharp.csproj
	EndGlobalSection
EndGlobal
